
Microsoft Visual Studio Solution File, Format Version 12.00
# Visual Studio 15
VisualStudioVersion = 15.0.27703.2047
MinimumVisualStudioVersion = 10.0.40219.1
Project("{FAE04EC0-301F-11D3-BF4B-00C04F79EFBC}") = "ECommerce", "ECommerce\ECommerce.csproj", "{65F9DCCE-0092-4F0B-A718-E15776BE3409}"
EndProject
Global
	GlobalSection(SolutionConfigurationPlatforms) = preSolution
		Debug|Any CPU = Debug|Any CPU
		Release|Any CPU = Release|Any CPU
	EndGlobalSection
	GlobalSection(ProjectConfigurationPlatforms) = postSolution
		{65F9DCCE-0092-4F0B-A718-E15776BE3409}.Debug|Any CPU.ActiveCfg = Debug|Any CPU
		{65F9DCCE-0092-4F0B-A718-E15776BE3409}.Debug|Any CPU.Build.0 = Debug|Any CPU
		{65F9DCCE-0092-4F0B-A718-E15776BE3409}.Release|Any CPU.ActiveCfg = Release|Any CPU
		{65F9DCCE-0092-4F0B-A718-E15776BE3409}.Release|Any CPU.Build.0 = Release|Any CPU
	EndGlobalSection
	GlobalSection(SolutionProperties) = preSolution
		HideSolutionNode = FALSE
	EndGlobalSection
	GlobalSection(ExtensibilityGlobals) = postSolution
		SolutionGuid = {3AB77E12-C1EB-4D1E-95D2-09AE73011726}
	EndGlobalSection
EndGlobal
